{
  "lockfileVersion": 1,
  "configVersion": 1,
  "workspaces": {
    "": {
      "name": "rs2b0t-script-template",
      "dependencies": {
        "@rs2b0t/api": "file:../../packages/rs2b0t-api",
      },
      "devDependencies": {
        "typescript": "^5",
      },
    },
  },
  "packages": {
    "@rs2b0t/api": ["@rs2b0t/api@file:../../packages/rs2b0t-api", {}],

    "typescript": ["typescript@5.9.3", "", { "bin": { "tsc": "bin/tsc", "tsserver": "bin/tsserver" } }, "sha512-jl1vZzPDinLr9eUt3J/t7V6FgNEw9QjvBPdysz9KfQDD41fQrC2Y4vKQdiaUpFT4bXlb1RHhLpp8wtm6M5TgSw=="],
  }
}
